
Microsoft Visual Studio Solution File, Format Version 12.00
# Visual Studio Version 16
VisualStudioVersion = 16.0.30114.105
MinimumVisualStudioVersion = 10.0.40219.1
Project("{FAE04EC0-301F-11D3-BF4B-00C04F79EFBC}") = "Projekt 3 programering story", "Projekt 3 programering story\Projekt 3 programering story.csproj", "{DB798796-BA9E-4331-BD2C-C2FCB626097D}"
EndProject
Global
	GlobalSection(SolutionConfigurationPlatforms) = preSolution
		Debug|Any CPU = Debug|Any CPU
		Release|Any CPU = Release|Any CPU
	EndGlobalSection
	GlobalSection(SolutionProperties) = preSolution
		HideSolutionNode = FALSE
	EndGlobalSection
	GlobalSection(ProjectConfigurationPlatforms) = postSolution
		{DB798796-BA9E-4331-BD2C-C2FCB626097D}.Debug|Any CPU.ActiveCfg = Debug|Any CPU
		{DB798796-BA9E-4331-BD2C-C2FCB626097D}.Debug|Any CPU.Build.0 = Debug|Any CPU
		{DB798796-BA9E-4331-BD2C-C2FCB626097D}.Release|Any CPU.ActiveCfg = Release|Any CPU
		{DB798796-BA9E-4331-BD2C-C2FCB626097D}.Release|Any CPU.Build.0 = Release|Any CPU
	EndGlobalSection
EndGlobal
